
Microsoft Visual Studio Solution File, Format Version 12.00
# Visual Studio Version 17
VisualStudioVersion = 17.14.36623.8
MinimumVisualStudioVersion = 10.0.40219.1
Project("{2150E333-8FDC-42A3-9474-1A3956D46DE8}") = "Task0", "Task0", "{02EA681E-C7D8-13C7-8484-4AC65E1B71E8}"
EndProject
Project("{FAE04EC0-301F-11D3-BF4B-00C04F79EFBC}") = "Tyuiu.KislayaVA.Sprint6.Task0.V14.Lib", "Tyuiu.KislayaVA.Sprint6.Task0.V14.Lib\Tyuiu.KislayaVA.Sprint6.Task0.V14.Lib.csproj", "{0A40C966-1DE5-485F-B99D-D315CD483AC0}"
EndProject
Project("{FAE04EC0-301F-11D3-BF4B-00C04F79EFBC}") = "Tyuiu.KislayaVA.Sprint6.Task0.V14.Test", "Tyuiu.KislayaVA.Sprint6.Task0.V14.Test\Tyuiu.KislayaVA.Sprint6.Task0.V14.Test.csproj", "{CDF17E49-C31F-49FC-B2FC-F84BE9743B25}"
EndProject
Project("{FAE04EC0-301F-11D3-BF4B-00C04F79EFBC}") = "Tyuiu.KislayaVA.Sprint6.Task0.V14", "Tyuiu.KislayaVA.Sprint6.Task0.V14\Tyuiu.KislayaVA.Sprint6.Task0.V14.csproj", "{14691527-F2D5-45C0-A6C4-5DEBE2D4105F}"
EndProject
Project("{2150E333-8FDC-42A3-9474-1A3956D46DE8}") = "Task1", "Task1", "{462A31EC-55E3-4FBA-8155-7FDD935E678F}"
EndProject
Project("{FAE04EC0-301F-11D3-BF4B-00C04F79EFBC}") = "Tyuiu.KislayaVA.Sprint6.Task1.V29", "Tyuiu.KislayaVA.Sprint6.Task1.V29\Tyuiu.KislayaVA.Sprint6.Task1.V29.csproj", "{C19FD322-7C08-43C9-AE86-A8ED6D5C3A73}"
EndProject
Project("{FAE04EC0-301F-11D3-BF4B-00C04F79EFBC}") = "Tyuiu.KislayaVA.Sprint6.Task1.V29.Test", "Tyuiu.KislayaVA.Sprint6.Task1.V29.Test\Tyuiu.KislayaVA.Sprint6.Task1.V29.Test.csproj", "{90A10E1F-BC9E-4E4E-AF3B-2DFCEA0F6E3F}"
EndProject
Project("{FAE04EC0-301F-11D3-BF4B-00C04F79EFBC}") = "Tyuiu.KislayaVA.Sprint6.Task1.V29.Lib", "Tyuiu.KislayaVA.Sprint6.Task1.V29.Lib\Tyuiu.KislayaVA.Sprint6.Task1.V29.Lib.csproj", "{A9581CC5-9D45-42DB-8147-3602320883E4}"
EndProject
Project("{2150E333-8FDC-42A3-9474-1A3956D46DE8}") = "Task2", "Task2", "{744AE134-B693-4BB7-98FC-36924C93E5B0}"
EndProject
Project("{FAE04EC0-301F-11D3-BF4B-00C04F79EFBC}") = "Tyuiu.KislayaVA.Sprint6.Task2.V12", "Tyuiu.KislayaVA.Sprint6.Task2.V12\Tyuiu.KislayaVA.Sprint6.Task2.V12.csproj", "{24ED1CFA-6638-4616-9EBE-3D2B53665D65}"
EndProject
Project("{FAE04EC0-301F-11D3-BF4B-00C04F79EFBC}") = "Tyuiu.KislayaVA.Sprint6.Task2.V12.Lib", "Tyuiu.KislayaVA.Sprint6.Task2.V12.Lib\Tyuiu.KislayaVA.Sprint6.Task2.V12.Lib.csproj", "{F6E10AA1-5D68-4FDB-AE8A-0AFDD3E8B0E0}"
EndProject
Project("{FAE04EC0-301F-11D3-BF4B-00C04F79EFBC}") = "Tyuiu.KislayaVA.Sprint6.Task2.V12.Test", "Tyuiu.KislayaVA.Sprint6.Task2.V12.Test\Tyuiu.KislayaVA.Sprint6.Task2.V12.Test.csproj", "{1EF7AE4A-156E-465D-9670-CC1B35E1E6EF}"
EndProject
Project("{2150E333-8FDC-42A3-9474-1A3956D46DE8}") = "Task3", "Task3", "{EFE92673-5D6D-4CBE-B137-24C65AF560CB}"
EndProject
Project("{FAE04EC0-301F-11D3-BF4B-00C04F79EFBC}") = "Tyuiu.KislayaVA.Sprint6.Task3.V7", "Tyuiu.KislayaVA.Sprint6.Task3.V7\Tyuiu.KislayaVA.Sprint6.Task3.V7.csproj", "{64633475-ECF6-4F20-ABE6-C271EE600CDF}"
EndProject
Project("{FAE04EC0-301F-11D3-BF4B-00C04F79EFBC}") = "Tyuiu.KislayaVA.Sprint6.Task3.V7.Test", "Tyuiu.KislayaVA.Sprint6.Task3.V7.Test\Tyuiu.KislayaVA.Sprint6.Task3.V7.Test.csproj", "{F5124AAD-CEE4-43EC-92D0-6D4A7C0808CF}"
EndProject
Project("{FAE04EC0-301F-11D3-BF4B-00C04F79EFBC}") = "Tyuiu.KislayaVA.Sprint6.Task3.V7.Lib", "Tyuiu.KislayaVA.Sprint6.Task3.V7.Lib\Tyuiu.KislayaVA.Sprint6.Task3.V7.Lib.csproj", "{25E8F32B-AD19-442D-9C50-6063F94687D5}"
EndProject
Project("{2150E333-8FDC-42A3-9474-1A3956D46DE8}") = "Task4", "Task4", "{A1D3943F-C2D0-4253-8EC8-4C15BBA0E41E}"
EndProject
Project("{FAE04EC0-301F-11D3-BF4B-00C04F79EFBC}") = "Tyuiu.KislayaVA.Sprint6.Task4.V7", "Tyuiu.KislayaVA.Sprint6.Task4.V7\Tyuiu.KislayaVA.Sprint6.Task4.V7.csproj", "{2946F3C4-2279-4412-A38E-3C7A5C3A1610}"
EndProject
Project("{FAE04EC0-301F-11D3-BF4B-00C04F79EFBC}") = "Tyuiu.KislayaVA.Sprint6.Task4.V7.Lib", "Tyuiu.KislayaVA.Sprint6.Task4.V7.Lib\Tyuiu.KislayaVA.Sprint6.Task4.V7.Lib.csproj", "{C50D68DE-A249-44C6-BC29-28786A1945F0}"
EndProject
Project("{FAE04EC0-301F-11D3-BF4B-00C04F79EFBC}") = "Tyuiu.KislayaVA.Sprint6.Task4.V7.Test", "Tyuiu.KislayaVA.Sprint6.Task4.V7.Test\Tyuiu.KislayaVA.Sprint6.Task4.V7.Test.csproj", "{3EA929CA-D344-4B03-BAAF-05025E98F0F3}"
EndProject
Project("{2150E333-8FDC-42A3-9474-1A3956D46DE8}") = "Task5", "Task5", "{204CCF1F-CF5D-4F33-9A45-F70F43DBB232}"
EndProject
Project("{FAE04EC0-301F-11D3-BF4B-00C04F79EFBC}") = "Tyuiu.KislayaVA.Sprint6.Task5.V7", "Tyuiu.KislayaVA.Sprint6.Task5.V7\Tyuiu.KislayaVA.Sprint6.Task5.V7.csproj", "{B2B002E5-0CBB-44D5-A9E7-9DA5DB387BB1}"
EndProject
Project("{FAE04EC0-301F-11D3-BF4B-00C04F79EFBC}") = "Tyuiu.KislayaVA.Sprint6.Task5.V7.Test", "Tyuiu.KislayaVA.Sprint6.Task5.V7.Test\Tyuiu.KislayaVA.Sprint6.Task5.V7.Test.csproj", "{35E77434-A9FE-47E1-867B-85747EB844F6}"
EndProject
Project("{FAE04EC0-301F-11D3-BF4B-00C04F79EFBC}") = "Tyuiu.KislayaVA.Sprint6.Task5.V7.Lib", "Tyuiu.KislayaVA.Sprint6.Task5.V7.Lib\Tyuiu.KislayaVA.Sprint6.Task5.V7.Lib.csproj", "{A00E7695-1336-4A70-84F1-1E1CB6C54F96}"
EndProject
Project("{2150E333-8FDC-42A3-9474-1A3956D46DE8}") = "Task6", "Task6", "{030B7BDE-6B72-4AE6-BA53-AFC82DAC8DF1}"
EndProject
Project("{FAE04EC0-301F-11D3-BF4B-00C04F79EFBC}") = "Tyuiu.KislayaVA.Sprint6.Task6.V18", "Tyuiu.KislayaVA.Sprint6.Task6.V18\Tyuiu.KislayaVA.Sprint6.Task6.V18.csproj", "{F5390D09-1879-4657-94FC-191F24B46401}"
EndProject
Project("{FAE04EC0-301F-11D3-BF4B-00C04F79EFBC}") = "Tyuiu.KislayaVA.Sprint6.Task6.V18.Lib", "Tyuiu.KislayaVA.Sprint6.Task6.V18.Lib\Tyuiu.KislayaVA.Sprint6.Task6.V18.Lib.csproj", "{543C00EC-8E55-4462-A2A7-01483311E2D3}"
EndProject
Project("{FAE04EC0-301F-11D3-BF4B-00C04F79EFBC}") = "Tyuiu.KislayaVA.Sprint6.Task6.V18.Test", "Tyuiu.KislayaVA.Sprint6.Task6.V18.Test\Tyuiu.KislayaVA.Sprint6.Task6.V18.Test.csproj", "{76E125B8-68E2-4F8C-A883-1AA8B783C80E}"
EndProject
Project("{2150E333-8FDC-42A3-9474-1A3956D46DE8}") = "Task7", "Task7", "{E9217F79-5B6B-4B55-BC11-CECB671AF375}"
EndProject
Project("{FAE04EC0-301F-11D3-BF4B-00C04F79EFBC}") = "Tyuiu.KislayaVA.Sprint6.Task7.V2", "Tyuiu.KislayaVA.Sprint6.Task7.V2\Tyuiu.KislayaVA.Sprint6.Task7.V2.csproj", "{0505633C-4A5F-4333-90AF-C43E6F928EE7}"
EndProject
Project("{FAE04EC0-301F-11D3-BF4B-00C04F79EFBC}") = "Tyuiu.KislayaVA.Sprint6.Task7.V2.Test", "Tyuiu.KislayaVA.Sprint6.Task7.V2.Test\Tyuiu.KislayaVA.Sprint6.Task7.V2.Test.csproj", "{4DD60C07-B47B-4278-9F5D-C24FC319041A}"
EndProject
Project("{FAE04EC0-301F-11D3-BF4B-00C04F79EFBC}") = "Tyuiu.KislayaVA.Sprint6.Task7.V2.Lib", "Tyuiu.KislayaVA.Sprint6.Task7.V2.Lib\Tyuiu.KislayaVA.Sprint6.Task7.V2.Lib.csproj", "{7F41F70A-0A59-4482-B54D-69A9EEF9B14E}"
EndProject
Global
	GlobalSection(SolutionConfigurationPlatforms) = preSolution
		Debug|Any CPU = Debug|Any CPU
		Release|Any CPU = Release|Any CPU
	EndGlobalSection
	GlobalSection(ProjectConfigurationPlatforms) = postSolution
		{0A40C966-1DE5-485F-B99D-D315CD483AC0}.Debug|Any CPU.ActiveCfg = Debug|Any CPU
		{0A40C966-1DE5-485F-B99D-D315CD483AC0}.Debug|Any CPU.Build.0 = Debug|Any CPU
		{0A40C966-1DE5-485F-B99D-D315CD483AC0}.Release|Any CPU.ActiveCfg = Release|Any CPU
		{0A40C966-1DE5-485F-B99D-D315CD483AC0}.Release|Any CPU.Build.0 = Release|Any CPU
		{CDF17E49-C31F-49FC-B2FC-F84BE9743B25}.Debug|Any CPU.ActiveCfg = Debug|Any CPU
		{CDF17E49-C31F-49FC-B2FC-F84BE9743B25}.Debug|Any CPU.Build.0 = Debug|Any CPU
		{CDF17E49-C31F-49FC-B2FC-F84BE9743B25}.Release|Any CPU.ActiveCfg = Release|Any CPU
		{CDF17E49-C31F-49FC-B2FC-F84BE9743B25}.Release|Any CPU.Build.0 = Release|Any CPU
		{14691527-F2D5-45C0-A6C4-5DEBE2D4105F}.Debug|Any CPU.ActiveCfg = Debug|Any CPU
		{14691527-F2D5-45C0-A6C4-5DEBE2D4105F}.Debug|Any CPU.Build.0 = Debug|Any CPU
		{14691527-F2D5-45C0-A6C4-5DEBE2D4105F}.Release|Any CPU.ActiveCfg = Release|Any CPU
		{14691527-F2D5-45C0-A6C4-5DEBE2D4105F}.Release|Any CPU.Build.0 = Release|Any CPU
		{C19FD322-7C08-43C9-AE86-A8ED6D5C3A73}.Debug|Any CPU.ActiveCfg = Debug|Any CPU
		{C19FD322-7C08-43C9-AE86-A8ED6D5C3A73}.Debug|Any CPU.Build.0 = Debug|Any CPU
		{C19FD322-7C08-43C9-AE86-A8ED6D5C3A73}.Release|Any CPU.ActiveCfg = Release|Any CPU
		{C19FD322-7C08-43C9-AE86-A8ED6D5C3A73}.Release|Any CPU.Build.0 = Release|Any CPU
		{90A10E1F-BC9E-4E4E-AF3B-2DFCEA0F6E3F}.Debug|Any CPU.ActiveCfg = Debug|Any CPU
		{90A10E1F-BC9E-4E4E-AF3B-2DFCEA0F6E3F}.Debug|Any CPU.Build.0 = Debug|Any CPU
		{90A10E1F-BC9E-4E4E-AF3B-2DFCEA0F6E3F}.Release|Any CPU.ActiveCfg = Release|Any CPU
		{90A10E1F-BC9E-4E4E-AF3B-2DFCEA0F6E3F}.Release|Any CPU.Build.0 = Release|Any CPU
		{A9581CC5-9D45-42DB-8147-3602320883E4}.Debug|Any CPU.ActiveCfg = Debug|Any CPU
		{A9581CC5-9D45-42DB-8147-3602320883E4}.Debug|Any CPU.Build.0 = Debug|Any CPU
		{A9581CC5-9D45-42DB-8147-3602320883E4}.Release|Any CPU.ActiveCfg = Release|Any CPU
		{A9581CC5-9D45-42DB-8147-3602320883E4}.Release|Any CPU.Build.0 = Release|Any CPU
		{24ED1CFA-6638-4616-9EBE-3D2B53665D65}.Debug|Any CPU.ActiveCfg = Debug|Any CPU
		{24ED1CFA-6638-4616-9EBE-3D2B53665D65}.Debug|Any CPU.Build.0 = Debug|Any CPU
		{24ED1CFA-6638-4616-9EBE-3D2B53665D65}.Release|Any CPU.ActiveCfg = Release|Any CPU
		{24ED1CFA-6638-4616-9EBE-3D2B53665D65}.Release|Any CPU.Build.0 = Release|Any CPU
		{F6E10AA1-5D68-4FDB-AE8A-0AFDD3E8B0E0}.Debug|Any CPU.ActiveCfg = Debug|Any CPU
		{F6E10AA1-5D68-4FDB-AE8A-0AFDD3E8B0E0}.Debug|Any CPU.Build.0 = Debug|Any CPU
		{F6E10AA1-5D68-4FDB-AE8A-0AFDD3E8B0E0}.Release|Any CPU.ActiveCfg = Release|Any CPU
		{F6E10AA1-5D68-4FDB-AE8A-0AFDD3E8B0E0}.Release|Any CPU.Build.0 = Release|Any CPU
		{1EF7AE4A-156E-465D-9670-CC1B35E1E6EF}.Debug|Any CPU.ActiveCfg = Debug|Any CPU
		{1EF7AE4A-156E-465D-9670-CC1B35E1E6EF}.Debug|Any CPU.Build.0 = Debug|Any CPU
		{1EF7AE4A-156E-465D-9670-CC1B35E1E6EF}.Release|Any CPU.ActiveCfg = Release|Any CPU
		{1EF7AE4A-156E-465D-9670-CC1B35E1E6EF}.Release|Any CPU.Build.0 = Release|Any CPU
		{64633475-ECF6-4F20-ABE6-C271EE600CDF}.Debug|Any CPU.ActiveCfg = Debug|Any CPU
		{64633475-ECF6-4F20-ABE6-C271EE600CDF}.Debug|Any CPU.Build.0 = Debug|Any CPU
		{64633475-ECF6-4F20-ABE6-C271EE600CDF}.Release|Any CPU.ActiveCfg = Release|Any CPU
		{64633475-ECF6-4F20-ABE6-C271EE600CDF}.Release|Any CPU.Build.0 = Release|Any CPU
		{F5124AAD-CEE4-43EC-92D0-6D4A7C0808CF}.Debug|Any CPU.ActiveCfg = Debug|Any CPU
		{F5124AAD-CEE4-43EC-92D0-6D4A7C0808CF}.Debug|Any CPU.Build.0 = Debug|Any CPU
		{F5124AAD-CEE4-43EC-92D0-6D4A7C0808CF}.Release|Any CPU.ActiveCfg = Release|Any CPU
		{F5124AAD-CEE4-43EC-92D0-6D4A7C0808CF}.Release|Any CPU.Build.0 = Release|Any CPU
		{25E8F32B-AD19-442D-9C50-6063F94687D5}.Debug|Any CPU.ActiveCfg = Debug|Any CPU
		{25E8F32B-AD19-442D-9C50-6063F94687D5}.Debug|Any CPU.Build.0 = Debug|Any CPU
		{25E8F32B-AD19-442D-9C50-6063F94687D5}.Release|Any CPU.ActiveCfg = Release|Any CPU
		{25E8F32B-AD19-442D-9C50-6063F94687D5}.Release|Any CPU.Build.0 = Release|Any CPU
		{2946F3C4-2279-4412-A38E-3C7A5C3A1610}.Debug|Any CPU.ActiveCfg = Debug|Any CPU
		{2946F3C4-2279-4412-A38E-3C7A5C3A1610}.Debug|Any CPU.Build.0 = Debug|Any CPU
		{2946F3C4-2279-4412-A38E-3C7A5C3A1610}.Release|Any CPU.ActiveCfg = Release|Any CPU
		{2946F3C4-2279-4412-A38E-3C7A5C3A1610}.Release|Any CPU.Build.0 = Release|Any CPU
		{C50D68DE-A249-44C6-BC29-28786A1945F0}.Debug|Any CPU.ActiveCfg = Debug|Any CPU
		{C50D68DE-A249-44C6-BC29-28786A1945F0}.Debug|Any CPU.Build.0 = Debug|Any CPU
		{C50D68DE-A249-44C6-BC29-28786A1945F0}.Release|Any CPU.ActiveCfg = Release|Any CPU
		{C50D68DE-A249-44C6-BC29-28786A1945F0}.Release|Any CPU.Build.0 = Release|Any CPU
		{3EA929CA-D344-4B03-BAAF-05025E98F0F3}.Debug|Any CPU.ActiveCfg = Debug|Any CPU
		{3EA929CA-D344-4B03-BAAF-05025E98F0F3}.Debug|Any CPU.Build.0 = Debug|Any CPU
		{3EA929CA-D344-4B03-BAAF-05025E98F0F3}.Release|Any CPU.ActiveCfg = Release|Any CPU
		{3EA929CA-D344-4B03-BAAF-05025E98F0F3}.Release|Any CPU.Build.0 = Release|Any CPU
		{B2B002E5-0CBB-44D5-A9E7-9DA5DB387BB1}.Debug|Any CPU.ActiveCfg = Debug|Any CPU
		{B2B002E5-0CBB-44D5-A9E7-9DA5DB387BB1}.Debug|Any CPU.Build.0 = Debug|Any CPU
		{B2B002E5-0CBB-44D5-A9E7-9DA5DB387BB1}.Release|Any CPU.ActiveCfg = Release|Any CPU
		{B2B002E5-0CBB-44D5-A9E7-9DA5DB387BB1}.Release|Any CPU.Build.0 = Release|Any CPU
		{35E77434-A9FE-47E1-867B-85747EB844F6}.Debug|Any CPU.ActiveCfg = Debug|Any CPU
		{35E77434-A9FE-47E1-867B-85747EB844F6}.Debug|Any CPU.Build.0 = Debug|Any CPU
		{35E77434-A9FE-47E1-867B-85747EB844F6}.Release|Any CPU.ActiveCfg = Release|Any CPU
		{35E77434-A9FE-47E1-867B-85747EB844F6}.Release|Any CPU.Build.0 = Release|Any CPU
		{A00E7695-1336-4A70-84F1-1E1CB6C54F96}.Debug|Any CPU.ActiveCfg = Debug|Any CPU
		{A00E7695-1336-4A70-84F1-1E1CB6C54F96}.Debug|Any CPU.Build.0 = Debug|Any CPU
		{A00E7695-1336-4A70-84F1-1E1CB6C54F96}.Release|Any CPU.ActiveCfg = Release|Any CPU
		{A00E7695-1336-4A70-84F1-1E1CB6C54F96}.Release|Any CPU.Build.0 = Release|Any CPU
		{F5390D09-1879-4657-94FC-191F24B46401}.Debug|Any CPU.ActiveCfg = Debug|Any CPU
		{F5390D09-1879-4657-94FC-191F24B46401}.Debug|Any CPU.Build.0 = Debug|Any CPU
		{F5390D09-1879-4657-94FC-191F24B46401}.Release|Any CPU.ActiveCfg = Release|Any CPU
		{F5390D09-1879-4657-94FC-191F24B46401}.Release|Any CPU.Build.0 = Release|Any CPU
		{543C00EC-8E55-4462-A2A7-01483311E2D3}.Debug|Any CPU.ActiveCfg = Debug|Any CPU
		{543C00EC-8E55-4462-A2A7-01483311E2D3}.Debug|Any CPU.Build.0 = Debug|Any CPU
		{543C00EC-8E55-4462-A2A7-01483311E2D3}.Release|Any CPU.ActiveCfg = Release|Any CPU
		{543C00EC-8E55-4462-A2A7-01483311E2D3}.Release|Any CPU.Build.0 = Release|Any CPU
		{76E125B8-68E2-4F8C-A883-1AA8B783C80E}.Debug|Any CPU.ActiveCfg = Debug|Any CPU
		{76E125B8-68E2-4F8C-A883-1AA8B783C80E}.Debug|Any CPU.Build.0 = Debug|Any CPU
		{76E125B8-68E2-4F8C-A883-1AA8B783C80E}.Release|Any CPU.ActiveCfg = Release|Any CPU
		{76E125B8-68E2-4F8C-A883-1AA8B783C80E}.Release|Any CPU.Build.0 = Release|Any CPU
		{0505633C-4A5F-4333-90AF-C43E6F928EE7}.Debug|Any CPU.ActiveCfg = Debug|Any CPU
		{0505633C-4A5F-4333-90AF-C43E6F928EE7}.Debug|Any CPU.Build.0 = Debug|Any CPU
		{0505633C-4A5F-4333-90AF-C43E6F928EE7}.Release|Any CPU.ActiveCfg = Release|Any CPU
		{0505633C-4A5F-4333-90AF-C43E6F928EE7}.Release|Any CPU.Build.0 = Release|Any CPU
		{4DD60C07-B47B-4278-9F5D-C24FC319041A}.Debug|Any CPU.ActiveCfg = Debug|Any CPU
		{4DD60C07-B47B-4278-9F5D-C24FC319041A}.Debug|Any CPU.Build.0 = Debug|Any CPU
		{4DD60C07-B47B-4278-9F5D-C24FC319041A}.Release|Any CPU.ActiveCfg = Release|Any CPU
		{4DD60C07-B47B-4278-9F5D-C24FC319041A}.Release|Any CPU.Build.0 = Release|Any CPU
		{7F41F70A-0A59-4482-B54D-69A9EEF9B14E}.Debug|Any CPU.ActiveCfg = Debug|Any CPU
		{7F41F70A-0A59-4482-B54D-69A9EEF9B14E}.Debug|Any CPU.Build.0 = Debug|Any CPU
		{7F41F70A-0A59-4482-B54D-69A9EEF9B14E}.Release|Any CPU.ActiveCfg = Release|Any CPU
		{7F41F70A-0A59-4482-B54D-69A9EEF9B14E}.Release|Any CPU.Build.0 = Release|Any CPU
	EndGlobalSection
	GlobalSection(SolutionProperties) = preSolution
		HideSolutionNode = FALSE
	EndGlobalSection
	GlobalSection(NestedProjects) = preSolution
		{0A40C966-1DE5-485F-B99D-D315CD483AC0} = {02EA681E-C7D8-13C7-8484-4AC65E1B71E8}
		{CDF17E49-C31F-49FC-B2FC-F84BE9743B25} = {02EA681E-C7D8-13C7-8484-4AC65E1B71E8}
		{14691527-F2D5-45C0-A6C4-5DEBE2D4105F} = {02EA681E-C7D8-13C7-8484-4AC65E1B71E8}
		{C19FD322-7C08-43C9-AE86-A8ED6D5C3A73} = {462A31EC-55E3-4FBA-8155-7FDD935E678F}
		{90A10E1F-BC9E-4E4E-AF3B-2DFCEA0F6E3F} = {462A31EC-55E3-4FBA-8155-7FDD935E678F}
		{A9581CC5-9D45-42DB-8147-3602320883E4} = {462A31EC-55E3-4FBA-8155-7FDD935E678F}
		{24ED1CFA-6638-4616-9EBE-3D2B53665D65} = {744AE134-B693-4BB7-98FC-36924C93E5B0}
		{F6E10AA1-5D68-4FDB-AE8A-0AFDD3E8B0E0} = {744AE134-B693-4BB7-98FC-36924C93E5B0}
		{1EF7AE4A-156E-465D-9670-CC1B35E1E6EF} = {744AE134-B693-4BB7-98FC-36924C93E5B0}
		{64633475-ECF6-4F20-ABE6-C271EE600CDF} = {EFE92673-5D6D-4CBE-B137-24C65AF560CB}
		{F5124AAD-CEE4-43EC-92D0-6D4A7C0808CF} = {EFE92673-5D6D-4CBE-B137-24C65AF560CB}
		{25E8F32B-AD19-442D-9C50-6063F94687D5} = {EFE92673-5D6D-4CBE-B137-24C65AF560CB}
		{2946F3C4-2279-4412-A38E-3C7A5C3A1610} = {A1D3943F-C2D0-4253-8EC8-4C15BBA0E41E}
		{C50D68DE-A249-44C6-BC29-28786A1945F0} = {A1D3943F-C2D0-4253-8EC8-4C15BBA0E41E}
		{3EA929CA-D344-4B03-BAAF-05025E98F0F3} = {A1D3943F-C2D0-4253-8EC8-4C15BBA0E41E}
		{B2B002E5-0CBB-44D5-A9E7-9DA5DB387BB1} = {204CCF1F-CF5D-4F33-9A45-F70F43DBB232}
		{35E77434-A9FE-47E1-867B-85747EB844F6} = {204CCF1F-CF5D-4F33-9A45-F70F43DBB232}
		{A00E7695-1336-4A70-84F1-1E1CB6C54F96} = {204CCF1F-CF5D-4F33-9A45-F70F43DBB232}
		{F5390D09-1879-4657-94FC-191F24B46401} = {030B7BDE-6B72-4AE6-BA53-AFC82DAC8DF1}
		{543C00EC-8E55-4462-A2A7-01483311E2D3} = {030B7BDE-6B72-4AE6-BA53-AFC82DAC8DF1}
		{76E125B8-68E2-4F8C-A883-1AA8B783C80E} = {030B7BDE-6B72-4AE6-BA53-AFC82DAC8DF1}
		{0505633C-4A5F-4333-90AF-C43E6F928EE7} = {E9217F79-5B6B-4B55-BC11-CECB671AF375}
		{4DD60C07-B47B-4278-9F5D-C24FC319041A} = {E9217F79-5B6B-4B55-BC11-CECB671AF375}
		{7F41F70A-0A59-4482-B54D-69A9EEF9B14E} = {E9217F79-5B6B-4B55-BC11-CECB671AF375}
	EndGlobalSection
	GlobalSection(ExtensibilityGlobals) = postSolution
		SolutionGuid = {D98E6031-43AF-484C-B097-84FA6526895D}
	EndGlobalSection
EndGlobal
